// !$*UTF8*$!
{
	archiveVersion = 1;
	classes = {
	};
	objectVersion = 50;
	objects = {

/* Begin PBXBuildFile section */
		7FF65C19E5919EC0A92D285D /* Pods_Lab_works.framework in Frameworks */ = {isa = PBXBuildFile; fileRef = D5BB3F33BB6BE2ABA0B09CF1 /* Pods_Lab_works.framework */; };
		AB6E6ED8217644B90096F3E5 /* AppDelegate.swift in Sources */ = {isa = PBXBuildFile; fileRef = AB6E6ED7217644B90096F3E5 /* AppDelegate.swift */; };
		AB6E6EDA217644B90096F3E5 /* ViewController.swift in Sources */ = {isa = PBXBuildFile; fileRef = AB6E6ED9217644B90096F3E5 /* ViewController.swift */; };
		AB6E6EDD217644B90096F3E5 /* Main.storyboard in Resources */ = {isa = PBXBuildFile; fileRef = AB6E6EDB217644B90096F3E5 /* Main.storyboard */; };
		AB6E6EDF217644BB0096F3E5 /* Assets.xcassets in Resources */ = {isa = PBXBuildFile; fileRef = AB6E6EDE217644BB0096F3E5 /* Assets.xcassets */; };
		AB6E6EE2217644BB0096F3E5 /* LaunchScreen.storyboard in Resources */ = {isa = PBXBuildFile; fileRef = AB6E6EE0217644BB0096F3E5 /* LaunchScreen.storyboard */; };
		AB6E6EEB217698A00096F3E5 /* ArticleModel.swift in Sources */ = {isa = PBXBuildFile; fileRef = AB6E6EEA217698A00096F3E5 /* ArticleModel.swift */; };
		AB8D9C6A219D6D97007F9DAA /* ApiManager.swift in Sources */ = {isa = PBXBuildFile; fileRef = AB8D9C69219D6D97007F9DAA /* ApiManager.swift */; };
		ABAE3FBC217772AC00BF77E6 /* TableViewCell.swift in Sources */ = {isa = PBXBuildFile; fileRef = ABAE3FBB217772AC00BF77E6 /* TableViewCell.swift */; };
/* End PBXBuildFile section */

/* Begin PBXFileReference section */
		6F28658EA1466354547ECE38 /* Pods-Lab_works.release.xcconfig */ = {isa = PBXFileReference; includeInIndex = 1; lastKnownFileType = text.xcconfig; name = "Pods-Lab_works.release.xcconfig"; path = "Pods/Target Support Files/Pods-Lab_works/Pods-Lab_works.release.xcconfig"; sourceTree = "<group>"; };
		AB6E6ED4217644B90096F3E5 /* Lab_works.app */ = {isa = PBXFileReference; explicitFileType = wrapper.application; includeInIndex = 0; path = Lab_works.app; sourceTree = BUILT_PRODUCTS_DIR; };
		AB6E6ED7217644B90096F3E5 /* AppDelegate.swift */ = {isa = PBXFileReference; lastKnownFileType = sourcecode.swift; path = AppDelegate.swift; sourceTree = "<group>"; };
		AB6E6ED9217644B90096F3E5 /* ViewController.swift */ = {isa = PBXFileReference; lastKnownFileType = sourcecode.swift; path = ViewController.swift; sourceTree = "<group>"; };
		AB6E6EDC217644B90096F3E5 /* Base */ = {isa = PBXFileReference; lastKnownFileType = file.storyboard; name = Base; path = Base.lproj/Main.storyboard; sourceTree = "<group>"; };
		AB6E6EDE217644BB0096F3E5 /* Assets.xcassets */ = {isa = PBXFileReference; lastKnownFileType = folder.assetcatalog; path = Assets.xcassets; sourceTree = "<group>"; };
		AB6E6EE1217644BB0096F3E5 /* Base */ = {isa = PBXFileReference; lastKnownFileType = file.storyboard; name = Base; path = Base.lproj/LaunchScreen.storyboard; sourceTree = "<group>"; };
		AB6E6EE3217644BB0096F3E5 /* Info.plist */ = {isa = PBXFileReference; lastKnownFileType = text.plist.xml; path = Info.plist; sourceTree = "<group>"; };
		AB6E6EEA217698A00096F3E5 /* ArticleModel.swift */ = {isa = PBXFileReference; lastKnownFileType = sourcecode.swift; path = ArticleModel.swift; sourceTree = "<group>"; };
		AB8D9C69219D6D97007F9DAA /* ApiManager.swift */ = {isa = PBXFileReference; lastKnownFileType = sourcecode.swift; path = ApiManager.swift; sourceTree = "<group>"; };
		ABAE3FBB217772AC00BF77E6 /* TableViewCell.swift */ = {isa = PBXFileReference; lastKnownFileType = sourcecode.swift; path = TableViewCell.swift; sourceTree = "<group>"; };
		CDDE6F78C5467D53CF8D111C /* Pods-Lab_works.debug.xcconfig */ = {isa = PBXFileReference; includeInIndex = 1; lastKnownFileType = text.xcconfig; name = "Pods-Lab_works.debug.xcconfig"; path = "Pods/Target Support Files/Pods-Lab_works/Pods-Lab_works.debug.xcconfig"; sourceTree = "<group>"; };
		D5BB3F33BB6BE2ABA0B09CF1 /* Pods_Lab_works.framework */ = {isa = PBXFileReference; explicitFileType = wrapper.framework; includeInIndex = 0; path = Pods_Lab_works.framework; sourceTree = BUILT_PRODUCTS_DIR; };
/* End PBXFileReference section */

/* Begin PBXFrameworksBuildPhase section */
		AB6E6ED1217644B90096F3E5 /* Frameworks */ = {
			isa = PBXFrameworksBuildPhase;
			buildActionMask = 2147483647;
			files = (
				7FF65C19E5919EC0A92D285D /* Pods_Lab_works.framework in Frameworks */,
			);
			runOnlyForDeploymentPostprocessing = 0;
		};
/* End PBXFrameworksBuildPhase section */

/* Begin PBXGroup section */
		6B5D68475395E3D5528728EF /* Pods */ = {
			isa = PBXGroup;
			children = (
				CDDE6F78C5467D53CF8D111C /* Pods-Lab_works.debug.xcconfig */,
				6F28658EA1466354547ECE38 /* Pods-Lab_works.release.xcconfig */,
			);
			name = Pods;
			sourceTree = "<group>";
		};
		AB6E6ECB217644B80096F3E5 = {
			isa = PBXGroup;
			children = (
				AB6E6ED6217644B90096F3E5 /* Lab_works */,
				AB6E6ED5217644B90096F3E5 /* Products */,
				6B5D68475395E3D5528728EF /* Pods */,
				B8FA421FE75A3662611F61EC /* Frameworks */,
			);
			sourceTree = "<group>";
		};
		AB6E6ED5217644B90096F3E5 /* Products */ = {
			isa = PBXGroup;
			children = (
				AB6E6ED4217644B90096F3E5 /* Lab_works.app */,
			);
			name = Products;
			sourceTree = "<group>";
		};
		AB6E6ED6217644B90096F3E5 /* Lab_works */ = {
			isa = PBXGroup;
			children = (
				ABAE3FBA2177728600BF77E6 /* View */,
				AB6E6EE9217698760096F3E5 /* Model */,
				AB6E6ED7217644B90096F3E5 /* AppDelegate.swift */,
				AB6E6ED9217644B90096F3E5 /* ViewController.swift */,
				AB6E6EDB217644B90096F3E5 /* Main.storyboard */,
				AB6E6EDE217644BB0096F3E5 /* Assets.xcassets */,
				AB6E6EE0217644BB0096F3E5 /* LaunchScreen.storyboard */,
				AB6E6EE3217644BB0096F3E5 /* Info.plist */,
			);
			path = Lab_works;
			sourceTree = "<group>";
		};
		AB6E6EE9217698760096F3E5 /* Model */ = {
			isa = PBXGroup;
			children = (
				AB6E6EEA217698A00096F3E5 /* ArticleModel.swift */,
				AB8D9C69219D6D97007F9DAA /* ApiManager.swift */,
			);
			path = Model;
			sourceTree = "<group>";
		};
		ABAE3FBA2177728600BF77E6 /* View */ = {
			isa = PBXGroup;
			children = (
				ABAE3FBB217772AC00BF77E6 /* TableViewCell.swift */,
			);
			path = View;
			sourceTree = "<group>";
		};
		B8FA421FE75A3662611F61EC /* Frameworks */ = {
			isa = PBXGroup;
			children = (
				D5BB3F33BB6BE2ABA0B09CF1 /* Pods_Lab_works.framework */,
			);
			name = Frameworks;
			sourceTree = "<group>";
		};
/* End PBXGroup section */

/* Begin PBXNativeTarget section */
		AB6E6ED3217644B90096F3E5 /* Lab_works */ = {
			isa = PBXNativeTarget;
			buildConfigurationList = AB6E6EE6217644BB0096F3E5 /* Build configuration list for PBXNativeTarget "Lab_works" */;
			buildPhases = (
				144998AEA80F2901F7C9BC89 /* [CP] Check Pods Manifest.lock */,
				AB6E6ED0217644B90096F3E5 /* Sources */,
				AB6E6ED1217644B90096F3E5 /* Frameworks */,
				AB6E6ED2217644B90096F3E5 /* Resources */,
				0C30E5975788FCE8AB1E1F14 /* [CP] Embed Pods Frameworks */,
			);
			buildRules = (
			);
			dependencies = (
			);
			name = Lab_works;
			productName = Lab_works;
			productReference = AB6E6ED4217644B90096F3E5 /* Lab_works.app */;
			productType = "com.apple.product-type.application";
		};
/* End PBXNativeTarget section */

/* Begin PBXProject section */
		AB6E6ECC217644B80096F3E5 /* Project object */ = {
			isa = PBXProject;
			attributes = {
				LastSwiftUpdateCheck = 0940;
				LastUpgradeCheck = 0940;
				ORGANIZATIONNAME = Olga;
				TargetAttributes = {
					AB6E6ED3217644B90096F3E5 = {
						CreatedOnToolsVersion = 9.4.1;
						LastSwiftMigration = 1000;
					};
				};
			};
			buildConfigurationList = AB6E6ECF217644B80096F3E5 /* Build configuration list for PBXProject "Lab_works" */;
			compatibilityVersion = "Xcode 9.3";
			developmentRegion = en;
			hasScannedForEncodings = 0;
			knownRegions = (
				en,
				Base,
			);
			mainGroup = AB6E6ECB217644B80096F3E5;
			productRefGroup = AB6E6ED5217644B90096F3E5 /* Products */;
			projectDirPath = "";
			projectRoot = "";
			targets = (
				AB6E6ED3217644B90096F3E5 /* Lab_works */,
			);
		};
/* End PBXProject section */

/* Begin PBXResourcesBuildPhase section */
		AB6E6ED2217644B90096F3E5 /* Resources */ = {
			isa = PBXResourcesBuildPhase;
			buildActionMask = 2147483647;
			files = (
				AB6E6EE2217644BB0096F3E5 /* LaunchScreen.storyboard in Resources */,
				AB6E6EDF217644BB0096F3E5 /* Assets.xcassets in Resources */,
				AB6E6EDD217644B90096F3E5 /* Main.storyboard in Resources */,
			);
			runOnlyForDeploymentPostprocessing = 0;
		};
/* End PBXResourcesBuildPhase section */

/* Begin PBXShellScriptBuildPhase section */
		0C30E5975788FCE8AB1E1F14 /* [CP] Embed Pods Frameworks */ = {
			isa = PBXShellScriptBuildPhase;
			buildActionMask = 2147483647;
			files = (
			);
			inputPaths = (
				"${SRCROOT}/Pods/Target Support Files/Pods-Lab_works/Pods-Lab_works-frameworks.sh",
				"${BUILT_PRODUCTS_DIR}/Alamofire/Alamofire.framework",
				"${BUILT_PRODUCTS_DIR}/Kingfisher/Kingfisher.framework",
				"${BUILT_PRODUCTS_DIR}/SwiftyJSON/SwiftyJSON.framework",
			);
			name = "[CP] Embed Pods Frameworks";
			outputPaths = (
				"${TARGET_BUILD_DIR}/${FRAMEWORKS_FOLDER_PATH}/Alamofire.framework",
				"${TARGET_BUILD_DIR}/${FRAMEWORKS_FOLDER_PATH}/Kingfisher.framework",
				"${TARGET_BUILD_DIR}/${FRAMEWORKS_FOLDER_PATH}/SwiftyJSON.framework",
			);
			runOnlyForDeploymentPostprocessing = 0;
			shellPath = /bin/sh;
			shellScript = "\"${SRCROOT}/Pods/Target Support Files/Pods-Lab_works/Pods-Lab_works-frameworks.sh\"\n";
			showEnvVarsInLog = 0;
		};
		144998AEA80F2901F7C9BC89 /* [CP] Check Pods Manifest.lock */ = {
			isa = PBXShellScriptBuildPhase;
			buildActionMask = 2147483647;
			files = (
			);
			inputPaths = (
				"${PODS_PODFILE_DIR_PATH}/Podfile.lock",
				"${PODS_ROOT}/Manifest.lock",
			);
			name = "[CP] Check Pods Manifest.lock";
			outputPaths = (
				"$(DERIVED_FILE_DIR)/Pods-Lab_works-checkManifestLockResult.txt",
			);
			runOnlyForDeploymentPostprocessing = 0;
			shellPath = /bin/sh;
			shellScript = "diff \"${PODS_PODFILE_DIR_PATH}/Podfile.lock\" \"${PODS_ROOT}/Manifest.lock\" > /dev/null\nif [ $? != 0 ] ; then\n    # print error to STDERR\n    echo \"error: The sandbox is not in sync with the Podfile.lock. Run 'pod install' or update your CocoaPods installation.\" >&2\n    exit 1\nfi\n# This output is used by Xcode 'outputs' to avoid re-running this script phase.\necho \"SUCCESS\" > \"${SCRIPT_OUTPUT_FILE_0}\"\n";
			showEnvVarsInLog = 0;
		};
/* End PBXShellScriptBuildPhase section */

/* Begin PBXSourcesBuildPhase section */
		AB6E6ED0217644B90096F3E5 /* Sources */ = {
			isa = PBXSourcesBuildPhase;
			buildActionMask = 2147483647;
			files = (
				AB6E6EEB217698A00096F3E5 /* ArticleModel.swift in Sources */,
				ABAE3FBC217772AC00BF77E6 /* TableViewCell.swift in Sources */,
				AB8D9C6A219D6D97007F9DAA /* ApiManager.swift in Sources */,
				AB6E6EDA217644B90096F3E5 /* ViewController.swift in Sources */,
				AB6E6ED8217644B90096F3E5 /* AppDelegate.swift in Sources */,
			);
			runOnlyForDeploymentPostprocessing = 0;
		};
/* End PBXSourcesBuildPhase section */

/* Begin PBXVariantGroup section */
		AB6E6EDB217644B90096F3E5 /* Main.storyboard */ = {
			isa = PBXVariantGroup;
			children = (
				AB6E6EDC217644B90096F3E5 /* Base */,
			);
			name = Main.storyboard;
			sourceTree = "<group>";
		};
		AB6E6EE0217644BB0096F3E5 /* LaunchScreen.storyboard */ = {
			isa = PBXVariantGroup;
			children = (
				AB6E6EE1217644BB0096F3E5 /* Base */,
			);
			name = LaunchScreen.storyboard;
			sourceTree = "<group>";
		};
/* End PBXVariantGroup section */

/* Begin XCBuildConfiguration section */
		AB6E6EE4217644BB0096F3E5 /* Debug */ = {
			isa = XCBuildConfiguration;
			buildSettings = {
				ALWAYS_SEARCH_USER_PATHS = NO;
				CLANG_ANALYZER_NONNULL = YES;
				CLANG_ANALYZER_NUMBER_OBJECT_CONVERSION = YES_AGGRESSIVE;
				CLANG_CXX_LANGUAGE_STANDARD = "gnu++14";
				CLANG_CXX_LIBRARY = "libc++";
				CLANG_ENABLE_MODULES = YES;
				CLANG_ENABLE_OBJC_ARC = YES;
				CLANG_ENABLE_OBJC_WEAK = YES;
				CLANG_WARN_BLOCK_CAPTURE_AUTORELEASING = YES;
				CLANG_WARN_BOOL_CONVERSION = YES;
				CLANG_WARN_COMMA = YES;
				CLANG_WARN_CONSTANT_CONVERSION = YES;
				CLANG_WARN_DEPRECATED_OBJC_IMPLEMENTATIONS = YES;
				CLANG_WARN_DIRECT_OBJC_ISA_USAGE = YES_ERROR;
				CLANG_WARN_DOCUMENTATION_COMMENTS = YES;
				CLANG_WARN_EMPTY_BODY = YES;
				CLANG_WARN_ENUM_CONVERSION = YES;
				CLANG_WARN_INFINITE_RECURSION = YES;
				CLANG_WARN_INT_CONVERSION = YES;
				CLANG_WARN_NON_LITERAL_NULL_CONVERSION = YES;
				CLANG_WARN_OBJC_IMPLICIT_RETAIN_SELF = YES;
				CLANG_WARN_OBJC_LITERAL_CONVERSION = YES;
				CLANG_WARN_OBJC_ROOT_CLASS = YES_ERROR;
				CLANG_WARN_RANGE_LOOP_ANALYSIS = YES;
				CLANG_WARN_STRICT_PROTOTYPES = YES;
				CLANG_WARN_SUSPICIOUS_MOVE = YES;
				CLANG_WARN_UNGUARDED_AVAILABILITY = YES_AGGRESSIVE;
				CLANG_WARN_UNREACHABLE_CODE = YES;
				CLANG_WARN__DUPLICATE_METHOD_MATCH = YES;
				CODE_SIGN_IDENTITY = "iPhone Developer";
				COPY_PHASE_STRIP = NO;
				DEBUG_INFORMATION_FORMAT = dwarf;
				ENABLE_STRICT_OBJC_MSGSEND = YES;
				ENABLE_TESTABILITY = YES;
				GCC_C_LANGUAGE_STANDARD = gnu11;
				GCC_DYNAMIC_NO_PIC = NO;
				GCC_NO_COMMON_BLOCKS = YES;
				GCC_OPTIMIZATION_LEVEL = 0;
				GCC_PREPROCESSOR_DEFINITIONS = (
					"DEBUG=1",
					"$(inherited)",
				);
				GCC_WARN_64_TO_32_BIT_CONVERSION = YES;
				GCC_WARN_ABOUT_RETURN_TYPE = YES_ERROR;
				GCC_WARN_UNDECLARED_SELECTOR = YES;
				GCC_WARN_UNINITIALIZED_AUTOS = YES_AGGRESSIVE;
				GCC_WARN_UNUSED_FUNCTION = YES;
				GCC_WARN_UNUSED_VARIABLE = YES;
				IPHONEOS_DEPLOYMENT_TARGET = 11.4;
				MTL_ENABLE_DEBUG_INFO = YES;
				ONLY_ACTIVE_ARCH = YES;
				SDKROOT = iphoneos;
				SWIFT_ACTIVE_COMPILATION_CONDITIONS = DEBUG;
				SWIFT_OPTIMIZATION_LEVEL = "-Onone";
			};
			name = Debug;
		};
		AB6E6EE5217644BB0096F3E5 /* Release */ = {
			isa = XCBuildConfiguration;
			buildSettings = {
				ALWAYS_SEARCH_USER_PATHS = NO;
				CLANG_ANALYZER_NONNULL = YES;
				CLANG_ANALYZER_NUMBER_OBJECT_CONVERSION = YES_AGGRESSIVE;
				CLANG_CXX_LANGUAGE_STANDARD = "gnu++14";
				CLANG_CXX_LIBRARY = "libc++";
				CLANG_ENABLE_MODULES = YES;
				CLANG_ENABLE_OBJC_ARC = YES;
				CLANG_ENABLE_OBJC_WEAK = YES;
				CLANG_WARN_BLOCK_CAPTURE_AUTORELEASING = YES;
				CLANG_WARN_BOOL_CONVERSION = YES;
				CLANG_WARN_COMMA = YES;
				CLANG_WARN_CONSTANT_CONVERSION = YES;
				CLANG_WARN_DEPRECATED_OBJC_IMPLEMENTATIONS = YES;
				CLANG_WARN_DIRECT_OBJC_ISA_USAGE = YES_ERROR;
				CLANG_WARN_DOCUMENTATION_COMMENTS = YES;
				CLANG_WARN_EMPTY_BODY = YES;
				CLANG_WARN_ENUM_CONVERSION = YES;
				CLANG_WARN_INFINITE_RECURSION = YES;
				CLANG_WARN_INT_CONVERSION = YES;
				CLANG_WARN_NON_LITERAL_NULL_CONVERSION = YES;
				CLANG_WARN_OBJC_IMPLICIT_RETAIN_SELF = YES;
				CLANG_WARN_OBJC_LITERAL_CONVERSION = YES;
				CLANG_WARN_OBJC_ROOT_CLASS = YES_ERROR;
				CLANG_WARN_RANGE_LOOP_ANALYSIS = YES;
				CLANG_WARN_STRICT_PROTOTYPES = YES;
				CLANG_WARN_SUSPICIOUS_MOVE = YES;
				CLANG_WARN_UNGUARDED_AVAILABILITY = YES_AGGRESSIVE;
				CLANG_WARN_UNREACHABLE_CODE = YES;
				CLANG_WARN__DUPLICATE_METHOD_MATCH = YES;
				CODE_SIGN_IDENTITY = "iPhone Developer";
				COPY_PHASE_STRIP = NO;
				DEBUG_INFORMATION_FORMAT = "dwarf-with-dsym";
				ENABLE_NS_ASSERTIONS = NO;
				ENABLE_STRICT_OBJC_MSGSEND = YES;
				GCC_C_LANGUAGE_STANDARD = gnu11;
				GCC_NO_COMMON_BLOCKS = YES;
				GCC_WARN_64_TO_32_BIT_CONVERSION = YES;
				GCC_WARN_ABOUT_RETURN_TYPE = YES_ERROR;
				GCC_WARN_UNDECLARED_SELECTOR = YES;
				GCC_WARN_UNINITIALIZED_AUTOS = YES_AGGRESSIVE;
				GCC_WARN_UNUSED_FUNCTION = YES;
				GCC_WARN_UNUSED_VARIABLE = YES;
				IPHONEOS_DEPLOYMENT_TARGET = 11.4;
				MTL_ENABLE_DEBUG_INFO = NO;
				SDKROOT = iphoneos;
				SWIFT_COMPILATION_MODE = wholemodule;
				SWIFT_OPTIMIZATION_LEVEL = "-O";
				VALIDATE_PRODUCT = YES;
			};
			name = Release;
		};
		AB6E6EE7217644BB0096F3E5 /* Debug */ = {
			isa = XCBuildConfiguration;
			baseConfigurationReference = CDDE6F78C5467D53CF8D111C /* Pods-Lab_works.debug.xcconfig */;
			buildSettings = {
				ASSETCATALOG_COMPILER_APPICON_NAME = AppIcon;
				CODE_SIGN_STYLE = Automatic;
				INFOPLIST_FILE = Lab_works/Info.plist;
				IPHONEOS_DEPLOYMENT_TARGET = 12.0;
				LD_RUNPATH_SEARCH_PATHS = (
					"$(inherited)",
					"@executable_path/Frameworks",
				);
				PRODUCT_BUNDLE_IDENTIFIER = "com.Olga.Lab-works";
				PRODUCT_NAME = "$(TARGET_NAME)";
				SWIFT_VERSION = 4.2;
				TARGETED_DEVICE_FAMILY = "1,2";
			};
			name = Debug;
		};
		AB6E6EE8217644BB0096F3E5 /* Release */ = {
			isa = XCBuildConfiguration;
			baseConfigurationReference = 6F28658EA1466354547ECE38 /* Pods-Lab_works.release.xcconfig */;
			buildSettings = {
				ASSETCATALOG_COMPILER_APPICON_NAME = AppIcon;
				CODE_SIGN_STYLE = Automatic;
				INFOPLIST_FILE = Lab_works/Info.plist;
				IPHONEOS_DEPLOYMENT_TARGET = 12.0;
				LD_RUNPATH_SEARCH_PATHS = (
					"$(inherited)",
					"@executable_path/Frameworks",
				);
				PRODUCT_BUNDLE_IDENTIFIER = "com.Olga.Lab-works";
				PRODUCT_NAME = "$(TARGET_NAME)";
				SWIFT_VERSION = 4.2;
				TARGETED_DEVICE_FAMILY = "1,2";
			};
			name = Release;
		};
/* End XCBuildConfiguration section */

/* Begin XCConfigurationList section */
		AB6E6ECF217644B80096F3E5 /* Build configuration list for PBXProject "Lab_works" */ = {
			isa = XCConfigurationList;
			buildConfigurations = (
				AB6E6EE4217644BB0096F3E5 /* Debug */,
				AB6E6EE5217644BB0096F3E5 /* Release */,
			);
			defaultConfigurationIsVisible = 0;
			defaultConfigurationName = Release;
		};
		AB6E6EE6217644BB0096F3E5 /* Build configuration list for PBXNativeTarget "Lab_works" */ = {
			isa = XCConfigurationList;
			buildConfigurations = (
				AB6E6EE7217644BB0096F3E5 /* Debug */,
				AB6E6EE8217644BB0096F3E5 /* Release */,
			);
			defaultConfigurationIsVisible = 0;
			defaultConfigurationName = Release;
		};
/* End XCConfigurationList section */
	};
	rootObject = AB6E6ECC217644B80096F3E5 /* Project object */;
}
