// !$*UTF8*$!
{
	archiveVersion = 1;
	classes = {
	};
	objectVersion = 50;
	objects = {

/* Begin PBXBuildFile section */
		FF2F9010214F763D005E5DD4 /* ListViewController.swift in Sources */ = {isa = PBXBuildFile; fileRef = FF2F900F214F763D005E5DD4 /* ListViewController.swift */; };
		FF3B063A214DBC8600875274 /* PersonTableViewCell.swift in Sources */ = {isa = PBXBuildFile; fileRef = FF3B0639214DBC8600875274 /* PersonTableViewCell.swift */; };
		FF47049A213C2DEF00926D4C /* AppDelegate.swift in Sources */ = {isa = PBXBuildFile; fileRef = FF470499213C2DEF00926D4C /* AppDelegate.swift */; };
		FF47049C213C2DEF00926D4C /* BaseViewController.swift in Sources */ = {isa = PBXBuildFile; fileRef = FF47049B213C2DEF00926D4C /* BaseViewController.swift */; };
		FF47049F213C2DEF00926D4C /* Main.storyboard in Resources */ = {isa = PBXBuildFile; fileRef = FF47049D213C2DEF00926D4C /* Main.storyboard */; };
		FF4704A1213C2DF000926D4C /* Assets.xcassets in Resources */ = {isa = PBXBuildFile; fileRef = FF4704A0213C2DF000926D4C /* Assets.xcassets */; };
		FF668E242158B26700C77F17 /* Person.swift in Sources */ = {isa = PBXBuildFile; fileRef = FF668E232158B26700C77F17 /* Person.swift */; };
		FF668E2A2158B38300C77F17 /* Validation.swift in Sources */ = {isa = PBXBuildFile; fileRef = FF668E292158B38300C77F17 /* Validation.swift */; };
		FF668E2E2158BF9900C77F17 /* PersonManager.swift in Sources */ = {isa = PBXBuildFile; fileRef = FF668E2D2158BF9900C77F17 /* PersonManager.swift */; };
/* End PBXBuildFile section */

/* Begin PBXFileReference section */
		FF2F900F214F763D005E5DD4 /* ListViewController.swift */ = {isa = PBXFileReference; lastKnownFileType = sourcecode.swift; path = ListViewController.swift; sourceTree = "<group>"; };
		FF3B0639214DBC8600875274 /* PersonTableViewCell.swift */ = {isa = PBXFileReference; lastKnownFileType = sourcecode.swift; path = PersonTableViewCell.swift; sourceTree = "<group>"; };
		FF470496213C2DEF00926D4C /* Nulp_App.app */ = {isa = PBXFileReference; explicitFileType = wrapper.application; includeInIndex = 0; path = Nulp_App.app; sourceTree = BUILT_PRODUCTS_DIR; };
		FF470499213C2DEF00926D4C /* AppDelegate.swift */ = {isa = PBXFileReference; lastKnownFileType = sourcecode.swift; path = AppDelegate.swift; sourceTree = "<group>"; };
		FF47049B213C2DEF00926D4C /* BaseViewController.swift */ = {isa = PBXFileReference; lastKnownFileType = sourcecode.swift; path = BaseViewController.swift; sourceTree = "<group>"; };
		FF47049E213C2DEF00926D4C /* Base */ = {isa = PBXFileReference; lastKnownFileType = file.storyboard; name = Base; path = Base.lproj/Main.storyboard; sourceTree = "<group>"; };
		FF4704A0213C2DF000926D4C /* Assets.xcassets */ = {isa = PBXFileReference; lastKnownFileType = folder.assetcatalog; path = Assets.xcassets; sourceTree = "<group>"; };
		FF4704A5213C2DF000926D4C /* Info.plist */ = {isa = PBXFileReference; lastKnownFileType = text.plist.xml; path = Info.plist; sourceTree = "<group>"; };
		FF668E232158B26700C77F17 /* Person.swift */ = {isa = PBXFileReference; lastKnownFileType = sourcecode.swift; path = Person.swift; sourceTree = "<group>"; };
		FF668E292158B38300C77F17 /* Validation.swift */ = {isa = PBXFileReference; lastKnownFileType = sourcecode.swift; path = Validation.swift; sourceTree = "<group>"; };
		FF668E2D2158BF9900C77F17 /* PersonManager.swift */ = {isa = PBXFileReference; lastKnownFileType = sourcecode.swift; path = PersonManager.swift; sourceTree = "<group>"; };
/* End PBXFileReference section */

/* Begin PBXFrameworksBuildPhase section */
		FF470493213C2DEF00926D4C /* Frameworks */ = {
			isa = PBXFrameworksBuildPhase;
			buildActionMask = 2147483647;
			files = (
			);
			runOnlyForDeploymentPostprocessing = 0;
		};
/* End PBXFrameworksBuildPhase section */

/* Begin PBXGroup section */
		FF47048D213C2DEF00926D4C = {
			isa = PBXGroup;
			children = (
				FF470498213C2DEF00926D4C /* Nulp_App */,
				FF470497213C2DEF00926D4C /* Products */,
			);
			sourceTree = "<group>";
		};
		FF470497213C2DEF00926D4C /* Products */ = {
			isa = PBXGroup;
			children = (
				FF470496213C2DEF00926D4C /* Nulp_App.app */,
			);
			name = Products;
			sourceTree = "<group>";
		};
		FF470498213C2DEF00926D4C /* Nulp_App */ = {
			isa = PBXGroup;
			children = (
				FF4704A5213C2DF000926D4C /* Info.plist */,
				FF668E272158B30100C77F17 /* Controller */,
				FF668E222158B23900C77F17 /* Model */,
				FF668E282158B33000C77F17 /* Other */,
				FF47049D213C2DEF00926D4C /* Main.storyboard */,
				FF668E2F2158C2BA00C77F17 /* Views */,
			);
			path = Nulp_App;
			sourceTree = "<group>";
		};
		FF668E222158B23900C77F17 /* Model */ = {
			isa = PBXGroup;
			children = (
				FF668E292158B38300C77F17 /* Validation.swift */,
				FF668E232158B26700C77F17 /* Person.swift */,
				FF668E2D2158BF9900C77F17 /* PersonManager.swift */,
			);
			path = Model;
			sourceTree = "<group>";
		};
		FF668E272158B30100C77F17 /* Controller */ = {
			isa = PBXGroup;
			children = (
				FF47049B213C2DEF00926D4C /* BaseViewController.swift */,
				FF2F900F214F763D005E5DD4 /* ListViewController.swift */,
			);
			path = Controller;
			sourceTree = "<group>";
		};
		FF668E282158B33000C77F17 /* Other */ = {
			isa = PBXGroup;
			children = (
				FF470499213C2DEF00926D4C /* AppDelegate.swift */,
				FF4704A0213C2DF000926D4C /* Assets.xcassets */,
			);
			path = Other;
			sourceTree = "<group>";
		};
		FF668E2F2158C2BA00C77F17 /* Views */ = {
			isa = PBXGroup;
			children = (
				FF3B0639214DBC8600875274 /* PersonTableViewCell.swift */,
			);
			path = Views;
			sourceTree = "<group>";
		};
/* End PBXGroup section */

/* Begin PBXNativeTarget section */
		FF470495213C2DEF00926D4C /* Nulp_App */ = {
			isa = PBXNativeTarget;
			buildConfigurationList = FF4704A8213C2DF000926D4C /* Build configuration list for PBXNativeTarget "Nulp_App" */;
			buildPhases = (
				FF470492213C2DEF00926D4C /* Sources */,
				FF470493213C2DEF00926D4C /* Frameworks */,
				FF470494213C2DEF00926D4C /* Resources */,
			);
			buildRules = (
			);
			dependencies = (
			);
			name = Nulp_App;
			productName = Nulp_App;
			productReference = FF470496213C2DEF00926D4C /* Nulp_App.app */;
			productType = "com.apple.product-type.application";
		};
/* End PBXNativeTarget section */

/* Begin PBXProject section */
		FF47048E213C2DEF00926D4C /* Project object */ = {
			isa = PBXProject;
			attributes = {
				LastSwiftUpdateCheck = 0940;
				LastUpgradeCheck = 0940;
				ORGANIZATIONNAME = "Ivan Sapiga";
				TargetAttributes = {
					FF470495213C2DEF00926D4C = {
						CreatedOnToolsVersion = 9.4.1;
						LastSwiftMigration = 1000;
					};
				};
			};
			buildConfigurationList = FF470491213C2DEF00926D4C /* Build configuration list for PBXProject "Nulp_App" */;
			compatibilityVersion = "Xcode 9.3";
			developmentRegion = en;
			hasScannedForEncodings = 0;
			knownRegions = (
				en,
				Base,
			);
			mainGroup = FF47048D213C2DEF00926D4C;
			productRefGroup = FF470497213C2DEF00926D4C /* Products */;
			projectDirPath = "";
			projectRoot = "";
			targets = (
				FF470495213C2DEF00926D4C /* Nulp_App */,
			);
		};
/* End PBXProject section */

/* Begin PBXResourcesBuildPhase section */
		FF470494213C2DEF00926D4C /* Resources */ = {
			isa = PBXResourcesBuildPhase;
			buildActionMask = 2147483647;
			files = (
				FF4704A1213C2DF000926D4C /* Assets.xcassets in Resources */,
				FF47049F213C2DEF00926D4C /* Main.storyboard in Resources */,
			);
			runOnlyForDeploymentPostprocessing = 0;
		};
/* End PBXResourcesBuildPhase section */

/* Begin PBXSourcesBuildPhase section */
		FF470492213C2DEF00926D4C /* Sources */ = {
			isa = PBXSourcesBuildPhase;
			buildActionMask = 2147483647;
			files = (
				FF668E242158B26700C77F17 /* Person.swift in Sources */,
				FF47049C213C2DEF00926D4C /* BaseViewController.swift in Sources */,
				FF668E2E2158BF9900C77F17 /* PersonManager.swift in Sources */,
				FF668E2A2158B38300C77F17 /* Validation.swift in Sources */,
				FF47049A213C2DEF00926D4C /* AppDelegate.swift in Sources */,
				FF2F9010214F763D005E5DD4 /* ListViewController.swift in Sources */,
				FF3B063A214DBC8600875274 /* PersonTableViewCell.swift in Sources */,
			);
			runOnlyForDeploymentPostprocessing = 0;
		};
/* End PBXSourcesBuildPhase section */

/* Begin PBXVariantGroup section */
		FF47049D213C2DEF00926D4C /* Main.storyboard */ = {
			isa = PBXVariantGroup;
			children = (
				FF47049E213C2DEF00926D4C /* Base */,
			);
			name = Main.storyboard;
			sourceTree = "<group>";
		};
/* End PBXVariantGroup section */

/* Begin XCBuildConfiguration section */
		FF4704A6213C2DF000926D4C /* Debug */ = {
			isa = XCBuildConfiguration;
			buildSettings = {
				ALWAYS_SEARCH_USER_PATHS = NO;
				CLANG_ANALYZER_NONNULL = YES;
				CLANG_ANALYZER_NUMBER_OBJECT_CONVERSION = YES_AGGRESSIVE;
				CLANG_CXX_LANGUAGE_STANDARD = "gnu++14";
				CLANG_CXX_LIBRARY = "libc++";
				CLANG_ENABLE_MODULES = YES;
				CLANG_ENABLE_OBJC_ARC = YES;
				CLANG_ENABLE_OBJC_WEAK = YES;
				CLANG_WARN_BLOCK_CAPTURE_AUTORELEASING = YES;
				CLANG_WARN_BOOL_CONVERSION = YES;
				CLANG_WARN_COMMA = YES;
				CLANG_WARN_CONSTANT_CONVERSION = YES;
				CLANG_WARN_DEPRECATED_OBJC_IMPLEMENTATIONS = YES;
				CLANG_WARN_DIRECT_OBJC_ISA_USAGE = YES_ERROR;
				CLANG_WARN_DOCUMENTATION_COMMENTS = YES;
				CLANG_WARN_EMPTY_BODY = YES;
				CLANG_WARN_ENUM_CONVERSION = YES;
				CLANG_WARN_INFINITE_RECURSION = YES;
				CLANG_WARN_INT_CONVERSION = YES;
				CLANG_WARN_NON_LITERAL_NULL_CONVERSION = YES;
				CLANG_WARN_OBJC_IMPLICIT_RETAIN_SELF = YES;
				CLANG_WARN_OBJC_LITERAL_CONVERSION = YES;
				CLANG_WARN_OBJC_ROOT_CLASS = YES_ERROR;
				CLANG_WARN_RANGE_LOOP_ANALYSIS = YES;
				CLANG_WARN_STRICT_PROTOTYPES = YES;
				CLANG_WARN_SUSPICIOUS_MOVE = YES;
				CLANG_WARN_UNGUARDED_AVAILABILITY = YES_AGGRESSIVE;
				CLANG_WARN_UNREACHABLE_CODE = YES;
				CLANG_WARN__DUPLICATE_METHOD_MATCH = YES;
				CODE_SIGN_IDENTITY = "iPhone Developer";
				COPY_PHASE_STRIP = NO;
				DEBUG_INFORMATION_FORMAT = dwarf;
				ENABLE_STRICT_OBJC_MSGSEND = YES;
				ENABLE_TESTABILITY = YES;
				GCC_C_LANGUAGE_STANDARD = gnu11;
				GCC_DYNAMIC_NO_PIC = NO;
				GCC_NO_COMMON_BLOCKS = YES;
				GCC_OPTIMIZATION_LEVEL = 0;
				GCC_PREPROCESSOR_DEFINITIONS = (
					"DEBUG=1",
					"$(inherited)",
				);
				GCC_WARN_64_TO_32_BIT_CONVERSION = YES;
				GCC_WARN_ABOUT_RETURN_TYPE = YES_ERROR;
				GCC_WARN_UNDECLARED_SELECTOR = YES;
				GCC_WARN_UNINITIALIZED_AUTOS = YES_AGGRESSIVE;
				GCC_WARN_UNUSED_FUNCTION = YES;
				GCC_WARN_UNUSED_VARIABLE = YES;
				IPHONEOS_DEPLOYMENT_TARGET = 11.4;
				MTL_ENABLE_DEBUG_INFO = YES;
				ONLY_ACTIVE_ARCH = YES;
				SDKROOT = iphoneos;
				SWIFT_ACTIVE_COMPILATION_CONDITIONS = DEBUG;
				SWIFT_OPTIMIZATION_LEVEL = "-Onone";
			};
			name = Debug;
		};
		FF4704A7213C2DF000926D4C /* Release */ = {
			isa = XCBuildConfiguration;
			buildSettings = {
				ALWAYS_SEARCH_USER_PATHS = NO;
				CLANG_ANALYZER_NONNULL = YES;
				CLANG_ANALYZER_NUMBER_OBJECT_CONVERSION = YES_AGGRESSIVE;
				CLANG_CXX_LANGUAGE_STANDARD = "gnu++14";
				CLANG_CXX_LIBRARY = "libc++";
				CLANG_ENABLE_MODULES = YES;
				CLANG_ENABLE_OBJC_ARC = YES;
				CLANG_ENABLE_OBJC_WEAK = YES;
				CLANG_WARN_BLOCK_CAPTURE_AUTORELEASING = YES;
				CLANG_WARN_BOOL_CONVERSION = YES;
				CLANG_WARN_COMMA = YES;
				CLANG_WARN_CONSTANT_CONVERSION = YES;
				CLANG_WARN_DEPRECATED_OBJC_IMPLEMENTATIONS = YES;
				CLANG_WARN_DIRECT_OBJC_ISA_USAGE = YES_ERROR;
				CLANG_WARN_DOCUMENTATION_COMMENTS = YES;
				CLANG_WARN_EMPTY_BODY = YES;
				CLANG_WARN_ENUM_CONVERSION = YES;
				CLANG_WARN_INFINITE_RECURSION = YES;
				CLANG_WARN_INT_CONVERSION = YES;
				CLANG_WARN_NON_LITERAL_NULL_CONVERSION = YES;
				CLANG_WARN_OBJC_IMPLICIT_RETAIN_SELF = YES;
				CLANG_WARN_OBJC_LITERAL_CONVERSION = YES;
				CLANG_WARN_OBJC_ROOT_CLASS = YES_ERROR;
				CLANG_WARN_RANGE_LOOP_ANALYSIS = YES;
				CLANG_WARN_STRICT_PROTOTYPES = YES;
				CLANG_WARN_SUSPICIOUS_MOVE = YES;
				CLANG_WARN_UNGUARDED_AVAILABILITY = YES_AGGRESSIVE;
				CLANG_WARN_UNREACHABLE_CODE = YES;
				CLANG_WARN__DUPLICATE_METHOD_MATCH = YES;
				CODE_SIGN_IDENTITY = "iPhone Developer";
				COPY_PHASE_STRIP = NO;
				DEBUG_INFORMATION_FORMAT = "dwarf-with-dsym";
				ENABLE_NS_ASSERTIONS = NO;
				ENABLE_STRICT_OBJC_MSGSEND = YES;
				GCC_C_LANGUAGE_STANDARD = gnu11;
				GCC_NO_COMMON_BLOCKS = YES;
				GCC_WARN_64_TO_32_BIT_CONVERSION = YES;
				GCC_WARN_ABOUT_RETURN_TYPE = YES_ERROR;
				GCC_WARN_UNDECLARED_SELECTOR = YES;
				GCC_WARN_UNINITIALIZED_AUTOS = YES_AGGRESSIVE;
				GCC_WARN_UNUSED_FUNCTION = YES;
				GCC_WARN_UNUSED_VARIABLE = YES;
				IPHONEOS_DEPLOYMENT_TARGET = 11.4;
				MTL_ENABLE_DEBUG_INFO = NO;
				SDKROOT = iphoneos;
				SWIFT_COMPILATION_MODE = wholemodule;
				SWIFT_OPTIMIZATION_LEVEL = "-O";
				VALIDATE_PRODUCT = YES;
			};
			name = Release;
		};
		FF4704A9213C2DF000926D4C /* Debug */ = {
			isa = XCBuildConfiguration;
			buildSettings = {
				ASSETCATALOG_COMPILER_APPICON_NAME = AppIcon;
				CODE_SIGN_STYLE = Automatic;
				DEVELOPMENT_TEAM = TW288GT5VE;
				INFOPLIST_FILE = Nulp_App/Info.plist;
				LD_RUNPATH_SEARCH_PATHS = (
					"$(inherited)",
					"@executable_path/Frameworks",
				);
				PRODUCT_BUNDLE_IDENTIFIER = "com.Olha.Polishchuk.Nulp-App";
				PRODUCT_NAME = "$(TARGET_NAME)";
				SWIFT_VERSION = 4.0;
				TARGETED_DEVICE_FAMILY = "1,2";
			};
			name = Debug;
		};
		FF4704AA213C2DF000926D4C /* Release */ = {
			isa = XCBuildConfiguration;
			buildSettings = {
				ASSETCATALOG_COMPILER_APPICON_NAME = AppIcon;
				CODE_SIGN_STYLE = Automatic;
				DEVELOPMENT_TEAM = TW288GT5VE;
				INFOPLIST_FILE = Nulp_App/Info.plist;
				LD_RUNPATH_SEARCH_PATHS = (
					"$(inherited)",
					"@executable_path/Frameworks",
				);
				PRODUCT_BUNDLE_IDENTIFIER = "com.Olha.Polishchuk.Nulp-App";
				PRODUCT_NAME = "$(TARGET_NAME)";
				SWIFT_VERSION = 4.0;
				TARGETED_DEVICE_FAMILY = "1,2";
			};
			name = Release;
		};
/* End XCBuildConfiguration section */

/* Begin XCConfigurationList section */
		FF470491213C2DEF00926D4C /* Build configuration list for PBXProject "Nulp_App" */ = {
			isa = XCConfigurationList;
			buildConfigurations = (
				FF4704A6213C2DF000926D4C /* Debug */,
				FF4704A7213C2DF000926D4C /* Release */,
			);
			defaultConfigurationIsVisible = 0;
			defaultConfigurationName = Release;
		};
		FF4704A8213C2DF000926D4C /* Build configuration list for PBXNativeTarget "Nulp_App" */ = {
			isa = XCConfigurationList;
			buildConfigurations = (
				FF4704A9213C2DF000926D4C /* Debug */,
				FF4704AA213C2DF000926D4C /* Release */,
			);
			defaultConfigurationIsVisible = 0;
			defaultConfigurationName = Release;
		};
/* End XCConfigurationList section */
	};
	rootObject = FF47048E213C2DEF00926D4C /* Project object */;
}
